{
	"name": "devextreme-react-generator",
	"version": "1.0.0",
	"lockfileVersion": 1,
	"requires": true,
	"dependencies": {
		"@types/dot": {
			"version": "1.1.4",
			"resolved": "https://registry.npmjs.org/@types/dot/-/dot-1.1.4.tgz",
			"integrity": "sha512-6LxXGSIrpkgR6431F4zkc6aoEOijFmqiI201cS72nF/k55mYiR9c85nkICQYHIGsQyzfP5pRXZrcoNQmo49Dxg==",
			"dev": true
		},
		"dasherize": {
			"version": "2.0.0",
			"resolved": "https://registry.npmjs.org/dasherize/-/dasherize-2.0.0.tgz",
			"integrity": "sha1-bYCcnNDPe7iVLYD8hPoT1H3bEwg="
		},
		"dot": {
			"version": "1.1.3",
			"resolved": "https://registry.npmjs.org/dot/-/dot-1.1.3.tgz",
			"integrity": "sha512-/nt74Rm+PcfnirXGEdhZleTwGC2LMnuKTeeTIlI82xb5loBBoXNYzr2ezCroPSMtilK8EZIfcNZwOcHN+ib1Lg=="
		}
	}
}
